{
  "pins" : [
    {
      "identity" : "mtg-sdk-swift",
      "kind" : "remoteSourceControl",
      "location" : "https://github.com/MagicTheGathering/mtg-sdk-swift",
      "state" : {
        "revision" : "3ae8530ece3ea1261881dc74cb980753ae3392b5",
        "version" : "1.1.1"
      }
    },
    {
      "identity" : "snapkit",
      "kind" : "remoteSourceControl",
      "location" : "https://github.com/SnapKit/SnapKit",
      "state" : {
        "revision" : "f222cbdf325885926566172f6f5f06af95473158",
        "version" : "5.6.0"
      }
    },
    {
      "identity" : "swift-snapshot-testing",
      "kind" : "remoteSourceControl",
      "location" : "https://github.com/pointfreeco/swift-snapshot-testing",
      "state" : {
        "revision" : "f8a9c997c3c1dab4e216a8ec9014e23144cbab37",
        "version" : "1.9.0"
      }
    }
  ],
  "version" : 2
}
